
Microsoft Visual Studio Solution File, Format Version 12.00
# Visual Studio Version 17
VisualStudioVersion = 17.0.32112.339
MinimumVisualStudioVersion = 10.0.40219.1
Project("{9A19103F-16F7-4668-BE54-9A1E7A4F7556}") = "SolutionTester", "SolutionTester\SolutionTester.csproj", "{CD2A5043-E919-4936-B269-11D1281D6147}"
EndProject
Project("{9A19103F-16F7-4668-BE54-9A1E7A4F7556}") = "Tester", "DevTester\Tester.csproj", "{9264ABC1-3ACB-4E9C-9394-427EA29C4313}"
EndProject
Project("{FAE04EC0-301F-11D3-BF4B-00C04F79EFBC}") = "TestSolutionTester", "TestSolutionTester\TestSolutionTester.csproj", "{0024F2AA-EF9F-4DFE-8633-516C61F25721}"
EndProject
Global
	GlobalSection(SolutionConfigurationPlatforms) = preSolution
		Debug|Any CPU = Debug|Any CPU
		Release|Any CPU = Release|Any CPU
	EndGlobalSection
	GlobalSection(ProjectConfigurationPlatforms) = postSolution
		{CD2A5043-E919-4936-B269-11D1281D6147}.Debug|Any CPU.ActiveCfg = Debug|Any CPU
		{CD2A5043-E919-4936-B269-11D1281D6147}.Debug|Any CPU.Build.0 = Debug|Any CPU
		{CD2A5043-E919-4936-B269-11D1281D6147}.Release|Any CPU.ActiveCfg = Release|Any CPU
		{CD2A5043-E919-4936-B269-11D1281D6147}.Release|Any CPU.Build.0 = Release|Any CPU
		{9264ABC1-3ACB-4E9C-9394-427EA29C4313}.Debug|Any CPU.ActiveCfg = Debug|Any CPU
		{9264ABC1-3ACB-4E9C-9394-427EA29C4313}.Debug|Any CPU.Build.0 = Debug|Any CPU
		{9264ABC1-3ACB-4E9C-9394-427EA29C4313}.Release|Any CPU.ActiveCfg = Release|Any CPU
		{9264ABC1-3ACB-4E9C-9394-427EA29C4313}.Release|Any CPU.Build.0 = Release|Any CPU
		{0024F2AA-EF9F-4DFE-8633-516C61F25721}.Debug|Any CPU.ActiveCfg = Debug|Any CPU
		{0024F2AA-EF9F-4DFE-8633-516C61F25721}.Debug|Any CPU.Build.0 = Debug|Any CPU
		{0024F2AA-EF9F-4DFE-8633-516C61F25721}.Release|Any CPU.ActiveCfg = Release|Any CPU
		{0024F2AA-EF9F-4DFE-8633-516C61F25721}.Release|Any CPU.Build.0 = Release|Any CPU
	EndGlobalSection
	GlobalSection(SolutionProperties) = preSolution
		HideSolutionNode = FALSE
	EndGlobalSection
	GlobalSection(ExtensibilityGlobals) = postSolution
		SolutionGuid = {96A95CBF-6ECC-4232-B414-876F9AA1D13E}
	EndGlobalSection
EndGlobal
